// !$*UTF8*$!
{
	archiveVersion = 1;
	classes = {
	};
	objectVersion = 46;
	objects = {

/* Begin PBXBuildFile section */
		2D0DA0D21BD89CA700CD6C37 /* KRForumListView.swift in Sources */ = {isa = PBXBuildFile; fileRef = 2D0DA0D11BD89CA700CD6C37 /* KRForumListView.swift */; };
		2D161EE81BD77EBE00E7E584 /* KRBasicJSONMO+CoreDataProperties.swift in Sources */ = {isa = PBXBuildFile; fileRef = 2D161EE61BD77EBE00E7E584 /* KRBasicJSONMO+CoreDataProperties.swift */; };
		2D161EE91BD77EBE00E7E584 /* KRBasicJSONMO.swift in Sources */ = {isa = PBXBuildFile; fileRef = 2D161EE71BD77EBE00E7E584 /* KRBasicJSONMO.swift */; };
		2D161EEB1BD788F600E7E584 /* KRCoreDataManager.swift in Sources */ = {isa = PBXBuildFile; fileRef = 2D161EEA1BD788F600E7E584 /* KRCoreDataManager.swift */; };
		2D3A25341BCB53D90017FE4A /* AppDelegate.swift in Sources */ = {isa = PBXBuildFile; fileRef = 2D3A25331BCB53D90017FE4A /* AppDelegate.swift */; };
		2D3A25361BCB53D90017FE4A /* ViewController.swift in Sources */ = {isa = PBXBuildFile; fileRef = 2D3A25351BCB53D90017FE4A /* ViewController.swift */; };
		2D3A25391BCB53D90017FE4A /* Main.storyboard in Resources */ = {isa = PBXBuildFile; fileRef = 2D3A25371BCB53D90017FE4A /* Main.storyboard */; };
		2D3A253C1BCB53D90017FE4A /* TSDMClient.xcdatamodeld in Sources */ = {isa = PBXBuildFile; fileRef = 2D3A253A1BCB53D90017FE4A /* TSDMClient.xcdatamodeld */; };
		2D3A253E1BCB53D90017FE4A /* Assets.xcassets in Resources */ = {isa = PBXBuildFile; fileRef = 2D3A253D1BCB53D90017FE4A /* Assets.xcassets */; };
		2D3A25411BCB53D90017FE4A /* LaunchScreen.storyboard in Resources */ = {isa = PBXBuildFile; fileRef = 2D3A253F1BCB53D90017FE4A /* LaunchScreen.storyboard */; };
		2D3A254D1BCB56560017FE4A /* ICSDrawerController.m in Sources */ = {isa = PBXBuildFile; fileRef = 2D3A254A1BCB56560017FE4A /* ICSDrawerController.m */; };
		2D3A254E1BCB56560017FE4A /* ICSDropShadowView.m in Sources */ = {isa = PBXBuildFile; fileRef = 2D3A254C1BCB56560017FE4A /* ICSDropShadowView.m */; };
		2D3A25501BCB57AE0017FE4A /* KRMenuViewController.swift in Sources */ = {isa = PBXBuildFile; fileRef = 2D3A254F1BCB57AE0017FE4A /* KRMenuViewController.swift */; };
		2D3A25531BCB57CF0017FE4A /* KRHomeViewController.swift in Sources */ = {isa = PBXBuildFile; fileRef = 2D3A25521BCB57CF0017FE4A /* KRHomeViewController.swift */; };
		2DB6ABB31BD5DAB500BFDBCB /* TSDMClientTests.swift in Sources */ = {isa = PBXBuildFile; fileRef = 2DB6ABB21BD5DAB500BFDBCB /* TSDMClientTests.swift */; };
		2DB6ABC11BD5DABF00BFDBCB /* TSDMClientUITests.swift in Sources */ = {isa = PBXBuildFile; fileRef = 2DB6ABC01BD5DABF00BFDBCB /* TSDMClientUITests.swift */; };
		2DB6ABC91BD5DCEA00BFDBCB /* KRNetworkRequesManagert.swift in Sources */ = {isa = PBXBuildFile; fileRef = 2DB6ABC81BD5DCEA00BFDBCB /* KRNetworkRequesManagert.swift */; };
		2DB6ABE81BD63D4A00BFDBCB /* KRInterfaceManager.swift in Sources */ = {isa = PBXBuildFile; fileRef = 2DB6ABE71BD63D4A00BFDBCB /* KRInterfaceManager.swift */; };
		2DB6ABEA1BD6445100BFDBCB /* KRNetworkDataManager.swift in Sources */ = {isa = PBXBuildFile; fileRef = 2DB6ABE91BD6445100BFDBCB /* KRNetworkDataManager.swift */; };
		2DB6ABED1BD64A8700BFDBCB /* KRAreaListView.swift in Sources */ = {isa = PBXBuildFile; fileRef = 2DB6ABEC1BD64A8700BFDBCB /* KRAreaListView.swift */; };
		2DF78B931BCB91A8006A5A4B /* UserDefault.xcassets in Resources */ = {isa = PBXBuildFile; fileRef = 2DF78B921BCB91A8006A5A4B /* UserDefault.xcassets */; };
		2DF78B951BCBBE86006A5A4B /* AppMenuIcon.xcassets in Resources */ = {isa = PBXBuildFile; fileRef = 2DF78B941BCBBE86006A5A4B /* AppMenuIcon.xcassets */; };
/* End PBXBuildFile section */

/* Begin PBXContainerItemProxy section */
		2DB6ABB51BD5DAB500BFDBCB /* PBXContainerItemProxy */ = {
			isa = PBXContainerItemProxy;
			containerPortal = 2D3A25281BCB53D90017FE4A /* Project object */;
			proxyType = 1;
			remoteGlobalIDString = 2D3A252F1BCB53D90017FE4A;
			remoteInfo = TSDMClient;
		};
		2DB6ABC31BD5DABF00BFDBCB /* PBXContainerItemProxy */ = {
			isa = PBXContainerItemProxy;
			containerPortal = 2D3A25281BCB53D90017FE4A /* Project object */;
			proxyType = 1;
			remoteGlobalIDString = 2D3A252F1BCB53D90017FE4A;
			remoteInfo = TSDMClient;
		};
/* End PBXContainerItemProxy section */

/* Begin PBXFileReference section */
		2D0DA0D11BD89CA700CD6C37 /* KRForumListView.swift */ = {isa = PBXFileReference; fileEncoding = 4; lastKnownFileType = sourcecode.swift; path = KRForumListView.swift; sourceTree = "<group>"; };
		2D161EE61BD77EBE00E7E584 /* KRBasicJSONMO+CoreDataProperties.swift */ = {isa = PBXFileReference; fileEncoding = 4; lastKnownFileType = sourcecode.swift; path = "KRBasicJSONMO+CoreDataProperties.swift"; sourceTree = "<group>"; };
		2D161EE71BD77EBE00E7E584 /* KRBasicJSONMO.swift */ = {isa = PBXFileReference; fileEncoding = 4; lastKnownFileType = sourcecode.swift; path = KRBasicJSONMO.swift; sourceTree = "<group>"; };
		2D161EEA1BD788F600E7E584 /* KRCoreDataManager.swift */ = {isa = PBXFileReference; fileEncoding = 4; lastKnownFileType = sourcecode.swift; path = KRCoreDataManager.swift; sourceTree = "<group>"; };
		2D3A25301BCB53D90017FE4A /* TSDMClient.app */ = {isa = PBXFileReference; explicitFileType = wrapper.application; includeInIndex = 0; path = TSDMClient.app; sourceTree = BUILT_PRODUCTS_DIR; };
		2D3A25331BCB53D90017FE4A /* AppDelegate.swift */ = {isa = PBXFileReference; lastKnownFileType = sourcecode.swift; path = AppDelegate.swift; sourceTree = "<group>"; };
		2D3A25351BCB53D90017FE4A /* ViewController.swift */ = {isa = PBXFileReference; lastKnownFileType = sourcecode.swift; path = ViewController.swift; sourceTree = "<group>"; };
		2D3A25381BCB53D90017FE4A /* Base */ = {isa = PBXFileReference; lastKnownFileType = file.storyboard; name = Base; path = Base.lproj/Main.storyboard; sourceTree = "<group>"; };
		2D3A253B1BCB53D90017FE4A /* TSDMClient.xcdatamodel */ = {isa = PBXFileReference; lastKnownFileType = wrapper.xcdatamodel; path = TSDMClient.xcdatamodel; sourceTree = "<group>"; };
		2D3A253D1BCB53D90017FE4A /* Assets.xcassets */ = {isa = PBXFileReference; lastKnownFileType = folder.assetcatalog; path = Assets.xcassets; sourceTree = "<group>"; };
		2D3A25401BCB53D90017FE4A /* Base */ = {isa = PBXFileReference; lastKnownFileType = file.storyboard; name = Base; path = Base.lproj/LaunchScreen.storyboard; sourceTree = "<group>"; };
		2D3A25421BCB53D90017FE4A /* Info.plist */ = {isa = PBXFileReference; lastKnownFileType = text.plist.xml; path = Info.plist; sourceTree = "<group>"; };
		2D3A25491BCB56560017FE4A /* ICSDrawerController.h */ = {isa = PBXFileReference; fileEncoding = 4; lastKnownFileType = sourcecode.c.h; path = ICSDrawerController.h; sourceTree = "<group>"; };
		2D3A254A1BCB56560017FE4A /* ICSDrawerController.m */ = {isa = PBXFileReference; fileEncoding = 4; lastKnownFileType = sourcecode.c.objc; path = ICSDrawerController.m; sourceTree = "<group>"; };
		2D3A254B1BCB56560017FE4A /* ICSDropShadowView.h */ = {isa = PBXFileReference; fileEncoding = 4; lastKnownFileType = sourcecode.c.h; path = ICSDropShadowView.h; sourceTree = "<group>"; };
		2D3A254C1BCB56560017FE4A /* ICSDropShadowView.m */ = {isa = PBXFileReference; fileEncoding = 4; lastKnownFileType = sourcecode.c.objc; path = ICSDropShadowView.m; sourceTree = "<group>"; };
		2D3A254F1BCB57AE0017FE4A /* KRMenuViewController.swift */ = {isa = PBXFileReference; fileEncoding = 4; lastKnownFileType = sourcecode.swift; path = KRMenuViewController.swift; sourceTree = "<group>"; };
		2D3A25521BCB57CF0017FE4A /* KRHomeViewController.swift */ = {isa = PBXFileReference; fileEncoding = 4; lastKnownFileType = sourcecode.swift; path = KRHomeViewController.swift; sourceTree = "<group>"; };
		2D3A25671BCB6DF40017FE4A /* TSDMClient-Bridging-Header.h */ = {isa = PBXFileReference; fileEncoding = 4; lastKnownFileType = sourcecode.c.h; path = "TSDMClient-Bridging-Header.h"; sourceTree = "<group>"; };
		2DB6ABB01BD5DAB500BFDBCB /* TSDMClientTests.xctest */ = {isa = PBXFileReference; explicitFileType = wrapper.cfbundle; includeInIndex = 0; path = TSDMClientTests.xctest; sourceTree = BUILT_PRODUCTS_DIR; };
		2DB6ABB21BD5DAB500BFDBCB /* TSDMClientTests.swift */ = {isa = PBXFileReference; lastKnownFileType = sourcecode.swift; path = TSDMClientTests.swift; sourceTree = "<group>"; };
		2DB6ABB41BD5DAB500BFDBCB /* Info.plist */ = {isa = PBXFileReference; lastKnownFileType = text.plist.xml; path = Info.plist; sourceTree = "<group>"; };
		2DB6ABBE1BD5DABF00BFDBCB /* TSDMClientUITests.xctest */ = {isa = PBXFileReference; explicitFileType = wrapper.cfbundle; includeInIndex = 0; path = TSDMClientUITests.xctest; sourceTree = BUILT_PRODUCTS_DIR; };
		2DB6ABC01BD5DABF00BFDBCB /* TSDMClientUITests.swift */ = {isa = PBXFileReference; lastKnownFileType = sourcecode.swift; path = TSDMClientUITests.swift; sourceTree = "<group>"; };
		2DB6ABC21BD5DABF00BFDBCB /* Info.plist */ = {isa = PBXFileReference; lastKnownFileType = text.plist.xml; path = Info.plist; sourceTree = "<group>"; };
		2DB6ABC81BD5DCEA00BFDBCB /* KRNetworkRequesManagert.swift */ = {isa = PBXFileReference; fileEncoding = 4; lastKnownFileType = sourcecode.swift; path = KRNetworkRequesManagert.swift; sourceTree = "<group>"; };
		2DB6ABE71BD63D4A00BFDBCB /* KRInterfaceManager.swift */ = {isa = PBXFileReference; fileEncoding = 4; lastKnownFileType = sourcecode.swift; path = KRInterfaceManager.swift; sourceTree = "<group>"; };
		2DB6ABE91BD6445100BFDBCB /* KRNetworkDataManager.swift */ = {isa = PBXFileReference; fileEncoding = 4; lastKnownFileType = sourcecode.swift; path = KRNetworkDataManager.swift; sourceTree = "<group>"; };
		2DB6ABEC1BD64A8700BFDBCB /* KRAreaListView.swift */ = {isa = PBXFileReference; fileEncoding = 4; lastKnownFileType = sourcecode.swift; path = KRAreaListView.swift; sourceTree = "<group>"; };
		2DF78B921BCB91A8006A5A4B /* UserDefault.xcassets */ = {isa = PBXFileReference; lastKnownFileType = folder.assetcatalog; path = UserDefault.xcassets; sourceTree = "<group>"; };
		2DF78B941BCBBE86006A5A4B /* AppMenuIcon.xcassets */ = {isa = PBXFileReference; lastKnownFileType = folder.assetcatalog; path = AppMenuIcon.xcassets; sourceTree = "<group>"; };
/* End PBXFileReference section */

/* Begin PBXFrameworksBuildPhase section */
		2D3A252D1BCB53D90017FE4A /* Frameworks */ = {
			isa = PBXFrameworksBuildPhase;
			buildActionMask = 2147483647;
			files = (
			);
			runOnlyForDeploymentPostprocessing = 0;
		};
		2DB6ABAD1BD5DAB500BFDBCB /* Frameworks */ = {
			isa = PBXFrameworksBuildPhase;
			buildActionMask = 2147483647;
			files = (
			);
			runOnlyForDeploymentPostprocessing = 0;
		};
		2DB6ABBB1BD5DABF00BFDBCB /* Frameworks */ = {
			isa = PBXFrameworksBuildPhase;
			buildActionMask = 2147483647;
			files = (
			);
			runOnlyForDeploymentPostprocessing = 0;
		};
/* End PBXFrameworksBuildPhase section */

/* Begin PBXGroup section */
		2D161EE11BD77DC500E7E584 /* ManagedObjects */ = {
			isa = PBXGroup;
			children = (
				2D161EE61BD77EBE00E7E584 /* KRBasicJSONMO+CoreDataProperties.swift */,
				2D161EE71BD77EBE00E7E584 /* KRBasicJSONMO.swift */,
			);
			name = ManagedObjects;
			sourceTree = "<group>";
		};
		2D3A25271BCB53D90017FE4A = {
			isa = PBXGroup;
			children = (
				2D3A25321BCB53D90017FE4A /* TSDMClient */,
				2DB6ABB11BD5DAB500BFDBCB /* TSDMClientTests */,
				2DB6ABBF1BD5DABF00BFDBCB /* TSDMClientUITests */,
				2D3A25311BCB53D90017FE4A /* Products */,
				2D3A25641BCB6D760017FE4A /* Frameworks */,
			);
			sourceTree = "<group>";
		};
		2D3A25311BCB53D90017FE4A /* Products */ = {
			isa = PBXGroup;
			children = (
				2D3A25301BCB53D90017FE4A /* TSDMClient.app */,
				2DB6ABB01BD5DAB500BFDBCB /* TSDMClientTests.xctest */,
				2DB6ABBE1BD5DABF00BFDBCB /* TSDMClientUITests.xctest */,
			);
			name = Products;
			sourceTree = "<group>";
		};
		2D3A25321BCB53D90017FE4A /* TSDMClient */ = {
			isa = PBXGroup;
			children = (
				2D3A25331BCB53D90017FE4A /* AppDelegate.swift */,
				2D3A25351BCB53D90017FE4A /* ViewController.swift */,
				2D161EEA1BD788F600E7E584 /* KRCoreDataManager.swift */,
				2DB6ABEB1BD644E900BFDBCB /* NwetworkManager */,
				2D3A25651BCB6DAC0017FE4A /* Hone */,
				2D3A25371BCB53D90017FE4A /* Main.storyboard */,
				2D3A25631BCB6D0C0017FE4A /* Classes Library */,
				2D161EE11BD77DC500E7E584 /* ManagedObjects */,
				2D3A253D1BCB53D90017FE4A /* Assets.xcassets */,
				2DF78B941BCBBE86006A5A4B /* AppMenuIcon.xcassets */,
				2DF78B921BCB91A8006A5A4B /* UserDefault.xcassets */,
				2D3A253F1BCB53D90017FE4A /* LaunchScreen.storyboard */,
				2D3A25421BCB53D90017FE4A /* Info.plist */,
				2D3A253A1BCB53D90017FE4A /* TSDMClient.xcdatamodeld */,
				2D3A25671BCB6DF40017FE4A /* TSDMClient-Bridging-Header.h */,
			);
			path = TSDMClient;
			sourceTree = "<group>";
		};
		2D3A25481BCB56560017FE4A /* ICSDrawerController */ = {
			isa = PBXGroup;
			children = (
				2D3A25491BCB56560017FE4A /* ICSDrawerController.h */,
				2D3A254A1BCB56560017FE4A /* ICSDrawerController.m */,
				2D3A254B1BCB56560017FE4A /* ICSDropShadowView.h */,
				2D3A254C1BCB56560017FE4A /* ICSDropShadowView.m */,
			);
			path = ICSDrawerController;
			sourceTree = "<group>";
		};
		2D3A25631BCB6D0C0017FE4A /* Classes Library */ = {
			isa = PBXGroup;
			children = (
				2D3A25481BCB56560017FE4A /* ICSDrawerController */,
			);
			name = "Classes Library";
			sourceTree = "<group>";
		};
		2D3A25641BCB6D760017FE4A /* Frameworks */ = {
			isa = PBXGroup;
			children = (
			);
			name = Frameworks;
			sourceTree = "<group>";
		};
		2D3A25651BCB6DAC0017FE4A /* Hone */ = {
			isa = PBXGroup;
			children = (
				2D3A25521BCB57CF0017FE4A /* KRHomeViewController.swift */,
				2D3A254F1BCB57AE0017FE4A /* KRMenuViewController.swift */,
				2DB6ABEC1BD64A8700BFDBCB /* KRAreaListView.swift */,
				2D0DA0D11BD89CA700CD6C37 /* KRForumListView.swift */,
			);
			name = Hone;
			sourceTree = "<group>";
		};
		2DB6ABB11BD5DAB500BFDBCB /* TSDMClientTests */ = {
			isa = PBXGroup;
			children = (
				2DB6ABB21BD5DAB500BFDBCB /* TSDMClientTests.swift */,
				2DB6ABB41BD5DAB500BFDBCB /* Info.plist */,
			);
			path = TSDMClientTests;
			sourceTree = "<group>";
		};
		2DB6ABBF1BD5DABF00BFDBCB /* TSDMClientUITests */ = {
			isa = PBXGroup;
			children = (
				2DB6ABC01BD5DABF00BFDBCB /* TSDMClientUITests.swift */,
				2DB6ABC21BD5DABF00BFDBCB /* Info.plist */,
			);
			path = TSDMClientUITests;
			sourceTree = "<group>";
		};
		2DB6ABEB1BD644E900BFDBCB /* NwetworkManager */ = {
			isa = PBXGroup;
			children = (
				2DB6ABE91BD6445100BFDBCB /* KRNetworkDataManager.swift */,
				2DB6ABC81BD5DCEA00BFDBCB /* KRNetworkRequesManagert.swift */,
				2DB6ABE71BD63D4A00BFDBCB /* KRInterfaceManager.swift */,
			);
			name = NwetworkManager;
			sourceTree = "<group>";
		};
/* End PBXGroup section */

/* Begin PBXNativeTarget section */
		2D3A252F1BCB53D90017FE4A /* TSDMClient */ = {
			isa = PBXNativeTarget;
			buildConfigurationList = 2D3A25451BCB53D90017FE4A /* Build configuration list for PBXNativeTarget "TSDMClient" */;
			buildPhases = (
				2D3A252C1BCB53D90017FE4A /* Sources */,
				2D3A252D1BCB53D90017FE4A /* Frameworks */,
				2D3A252E1BCB53D90017FE4A /* Resources */,
			);
			buildRules = (
			);
			dependencies = (
			);
			name = TSDMClient;
			productName = TSDMClient;
			productReference = 2D3A25301BCB53D90017FE4A /* TSDMClient.app */;
			productType = "com.apple.product-type.application";
		};
		2DB6ABAF1BD5DAB500BFDBCB /* TSDMClientTests */ = {
			isa = PBXNativeTarget;
			buildConfigurationList = 2DB6ABB91BD5DAB500BFDBCB /* Build configuration list for PBXNativeTarget "TSDMClientTests" */;
			buildPhases = (
				2DB6ABAC1BD5DAB500BFDBCB /* Sources */,
				2DB6ABAD1BD5DAB500BFDBCB /* Frameworks */,
				2DB6ABAE1BD5DAB500BFDBCB /* Resources */,
			);
			buildRules = (
			);
			dependencies = (
				2DB6ABB61BD5DAB500BFDBCB /* PBXTargetDependency */,
			);
			name = TSDMClientTests;
			productName = TSDMClientTests;
			productReference = 2DB6ABB01BD5DAB500BFDBCB /* TSDMClientTests.xctest */;
			productType = "com.apple.product-type.bundle.unit-test";
		};
		2DB6ABBD1BD5DABF00BFDBCB /* TSDMClientUITests */ = {
			isa = PBXNativeTarget;
			buildConfigurationList = 2DB6ABC51BD5DABF00BFDBCB /* Build configuration list for PBXNativeTarget "TSDMClientUITests" */;
			buildPhases = (
				2DB6ABBA1BD5DABF00BFDBCB /* Sources */,
				2DB6ABBB1BD5DABF00BFDBCB /* Frameworks */,
				2DB6ABBC1BD5DABF00BFDBCB /* Resources */,
			);
			buildRules = (
			);
			dependencies = (
				2DB6ABC41BD5DABF00BFDBCB /* PBXTargetDependency */,
			);
			name = TSDMClientUITests;
			productName = TSDMClientUITests;
			productReference = 2DB6ABBE1BD5DABF00BFDBCB /* TSDMClientUITests.xctest */;
			productType = "com.apple.product-type.bundle.ui-testing";
		};
/* End PBXNativeTarget section */

/* Begin PBXProject section */
		2D3A25281BCB53D90017FE4A /* Project object */ = {
			isa = PBXProject;
			attributes = {
				LastUpgradeCheck = 0700;
				ORGANIZATIONNAME = tsdmGroup;
				TargetAttributes = {
					2D3A252F1BCB53D90017FE4A = {
						CreatedOnToolsVersion = 7.0.1;
						DevelopmentTeam = 56LR9Q458G;
					};
					2DB6ABAF1BD5DAB500BFDBCB = {
						CreatedOnToolsVersion = 7.0.1;
						TestTargetID = 2D3A252F1BCB53D90017FE4A;
					};
					2DB6ABBD1BD5DABF00BFDBCB = {
						CreatedOnToolsVersion = 7.0.1;
						TestTargetID = 2D3A252F1BCB53D90017FE4A;
					};
				};
			};
			buildConfigurationList = 2D3A252B1BCB53D90017FE4A /* Build configuration list for PBXProject "TSDMClient" */;
			compatibilityVersion = "Xcode 3.2";
			developmentRegion = English;
			hasScannedForEncodings = 0;
			knownRegions = (
				en,
				Base,
			);
			mainGroup = 2D3A25271BCB53D90017FE4A;
			productRefGroup = 2D3A25311BCB53D90017FE4A /* Products */;
			projectDirPath = "";
			projectRoot = "";
			targets = (
				2D3A252F1BCB53D90017FE4A /* TSDMClient */,
				2DB6ABAF1BD5DAB500BFDBCB /* TSDMClientTests */,
				2DB6ABBD1BD5DABF00BFDBCB /* TSDMClientUITests */,
			);
		};
/* End PBXProject section */

/* Begin PBXResourcesBuildPhase section */
		2D3A252E1BCB53D90017FE4A /* Resources */ = {
			isa = PBXResourcesBuildPhase;
			buildActionMask = 2147483647;
			files = (
				2DF78B931BCB91A8006A5A4B /* UserDefault.xcassets in Resources */,
				2D3A25411BCB53D90017FE4A /* LaunchScreen.storyboard in Resources */,
				2D3A253E1BCB53D90017FE4A /* Assets.xcassets in Resources */,
				2DF78B951BCBBE86006A5A4B /* AppMenuIcon.xcassets in Resources */,
				2D3A25391BCB53D90017FE4A /* Main.storyboard in Resources */,
			);
			runOnlyForDeploymentPostprocessing = 0;
		};
		2DB6ABAE1BD5DAB500BFDBCB /* Resources */ = {
			isa = PBXResourcesBuildPhase;
			buildActionMask = 2147483647;
			files = (
			);
			runOnlyForDeploymentPostprocessing = 0;
		};
		2DB6ABBC1BD5DABF00BFDBCB /* Resources */ = {
			isa = PBXResourcesBuildPhase;
			buildActionMask = 2147483647;
			files = (
			);
			runOnlyForDeploymentPostprocessing = 0;
		};
/* End PBXResourcesBuildPhase section */

/* Begin PBXSourcesBuildPhase section */
		2D3A252C1BCB53D90017FE4A /* Sources */ = {
			isa = PBXSourcesBuildPhase;
			buildActionMask = 2147483647;
			files = (
				2D3A254D1BCB56560017FE4A /* ICSDrawerController.m in Sources */,
				2D161EEB1BD788F600E7E584 /* KRCoreDataManager.swift in Sources */,
				2D161EE81BD77EBE00E7E584 /* KRBasicJSONMO+CoreDataProperties.swift in Sources */,
				2DB6ABE81BD63D4A00BFDBCB /* KRInterfaceManager.swift in Sources */,
				2D0DA0D21BD89CA700CD6C37 /* KRForumListView.swift in Sources */,
				2D3A25361BCB53D90017FE4A /* ViewController.swift in Sources */,
				2DB6ABEA1BD6445100BFDBCB /* KRNetworkDataManager.swift in Sources */,
				2DB6ABC91BD5DCEA00BFDBCB /* KRNetworkRequesManagert.swift in Sources */,
				2D3A25341BCB53D90017FE4A /* AppDelegate.swift in Sources */,
				2D3A253C1BCB53D90017FE4A /* TSDMClient.xcdatamodeld in Sources */,
				2DB6ABED1BD64A8700BFDBCB /* KRAreaListView.swift in Sources */,
				2D3A25531BCB57CF0017FE4A /* KRHomeViewController.swift in Sources */,
				2D3A25501BCB57AE0017FE4A /* KRMenuViewController.swift in Sources */,
				2D161EE91BD77EBE00E7E584 /* KRBasicJSONMO.swift in Sources */,
				2D3A254E1BCB56560017FE4A /* ICSDropShadowView.m in Sources */,
			);
			runOnlyForDeploymentPostprocessing = 0;
		};
		2DB6ABAC1BD5DAB500BFDBCB /* Sources */ = {
			isa = PBXSourcesBuildPhase;
			buildActionMask = 2147483647;
			files = (
				2DB6ABB31BD5DAB500BFDBCB /* TSDMClientTests.swift in Sources */,
			);
			runOnlyForDeploymentPostprocessing = 0;
		};
		2DB6ABBA1BD5DABF00BFDBCB /* Sources */ = {
			isa = PBXSourcesBuildPhase;
			buildActionMask = 2147483647;
			files = (
				2DB6ABC11BD5DABF00BFDBCB /* TSDMClientUITests.swift in Sources */,
			);
			runOnlyForDeploymentPostprocessing = 0;
		};
/* End PBXSourcesBuildPhase section */

/* Begin PBXTargetDependency section */
		2DB6ABB61BD5DAB500BFDBCB /* PBXTargetDependency */ = {
			isa = PBXTargetDependency;
			target = 2D3A252F1BCB53D90017FE4A /* TSDMClient */;
			targetProxy = 2DB6ABB51BD5DAB500BFDBCB /* PBXContainerItemProxy */;
		};
		2DB6ABC41BD5DABF00BFDBCB /* PBXTargetDependency */ = {
			isa = PBXTargetDependency;
			target = 2D3A252F1BCB53D90017FE4A /* TSDMClient */;
			targetProxy = 2DB6ABC31BD5DABF00BFDBCB /* PBXContainerItemProxy */;
		};
/* End PBXTargetDependency section */

/* Begin PBXVariantGroup section */
		2D3A25371BCB53D90017FE4A /* Main.storyboard */ = {
			isa = PBXVariantGroup;
			children = (
				2D3A25381BCB53D90017FE4A /* Base */,
			);
			name = Main.storyboard;
			sourceTree = "<group>";
		};
		2D3A253F1BCB53D90017FE4A /* LaunchScreen.storyboard */ = {
			isa = PBXVariantGroup;
			children = (
				2D3A25401BCB53D90017FE4A /* Base */,
			);
			name = LaunchScreen.storyboard;
			sourceTree = "<group>";
		};
/* End PBXVariantGroup section */

/* Begin XCBuildConfiguration section */
		2D3A25431BCB53D90017FE4A /* Debug */ = {
			isa = XCBuildConfiguration;
			buildSettings = {
				ALWAYS_SEARCH_USER_PATHS = NO;
				CLANG_CXX_LANGUAGE_STANDARD = "gnu++0x";
				CLANG_CXX_LIBRARY = "libc++";
				CLANG_ENABLE_MODULES = YES;
				CLANG_ENABLE_OBJC_ARC = YES;
				CLANG_WARN_BOOL_CONVERSION = YES;
				CLANG_WARN_CONSTANT_CONVERSION = YES;
				CLANG_WARN_DIRECT_OBJC_ISA_USAGE = YES_ERROR;
				CLANG_WARN_EMPTY_BODY = YES;
				CLANG_WARN_ENUM_CONVERSION = YES;
				CLANG_WARN_INT_CONVERSION = YES;
				CLANG_WARN_OBJC_ROOT_CLASS = YES_ERROR;
				CLANG_WARN_UNREACHABLE_CODE = YES;
				CLANG_WARN__DUPLICATE_METHOD_MATCH = YES;
				"CODE_SIGN_IDENTITY[sdk=iphoneos*]" = "iPhone Developer";
				COPY_PHASE_STRIP = NO;
				DEBUG_INFORMATION_FORMAT = dwarf;
				ENABLE_STRICT_OBJC_MSGSEND = YES;
				ENABLE_TESTABILITY = YES;
				GCC_C_LANGUAGE_STANDARD = gnu99;
				GCC_DYNAMIC_NO_PIC = NO;
				GCC_NO_COMMON_BLOCKS = YES;
				GCC_OPTIMIZATION_LEVEL = 0;
				GCC_PREPROCESSOR_DEFINITIONS = (
					"DEBUG=1",
					"$(inherited)",
				);
				GCC_WARN_64_TO_32_BIT_CONVERSION = YES;
				GCC_WARN_ABOUT_RETURN_TYPE = YES_ERROR;
				GCC_WARN_UNDECLARED_SELECTOR = YES;
				GCC_WARN_UNINITIALIZED_AUTOS = YES_AGGRESSIVE;
				GCC_WARN_UNUSED_FUNCTION = YES;
				GCC_WARN_UNUSED_VARIABLE = YES;
				IPHONEOS_DEPLOYMENT_TARGET = 9.0;
				MTL_ENABLE_DEBUG_INFO = YES;
				ONLY_ACTIVE_ARCH = YES;
				SDKROOT = iphoneos;
				SWIFT_OPTIMIZATION_LEVEL = "-Onone";
			};
			name = Debug;
		};
		2D3A25441BCB53D90017FE4A /* Release */ = {
			isa = XCBuildConfiguration;
			buildSettings = {
				ALWAYS_SEARCH_USER_PATHS = NO;
				CLANG_CXX_LANGUAGE_STANDARD = "gnu++0x";
				CLANG_CXX_LIBRARY = "libc++";
				CLANG_ENABLE_MODULES = YES;
				CLANG_ENABLE_OBJC_ARC = YES;
				CLANG_WARN_BOOL_CONVERSION = YES;
				CLANG_WARN_CONSTANT_CONVERSION = YES;
				CLANG_WARN_DIRECT_OBJC_ISA_USAGE = YES_ERROR;
				CLANG_WARN_EMPTY_BODY = YES;
				CLANG_WARN_ENUM_CONVERSION = YES;
				CLANG_WARN_INT_CONVERSION = YES;
				CLANG_WARN_OBJC_ROOT_CLASS = YES_ERROR;
				CLANG_WARN_UNREACHABLE_CODE = YES;
				CLANG_WARN__DUPLICATE_METHOD_MATCH = YES;
				"CODE_SIGN_IDENTITY[sdk=iphoneos*]" = "iPhone Developer";
				COPY_PHASE_STRIP = NO;
				DEBUG_INFORMATION_FORMAT = "dwarf-with-dsym";
				ENABLE_NS_ASSERTIONS = NO;
				ENABLE_STRICT_OBJC_MSGSEND = YES;
				GCC_C_LANGUAGE_STANDARD = gnu99;
				GCC_NO_COMMON_BLOCKS = YES;
				GCC_WARN_64_TO_32_BIT_CONVERSION = YES;
				GCC_WARN_ABOUT_RETURN_TYPE = YES_ERROR;
				GCC_WARN_UNDECLARED_SELECTOR = YES;
				GCC_WARN_UNINITIALIZED_AUTOS = YES_AGGRESSIVE;
				GCC_WARN_UNUSED_FUNCTION = YES;
				GCC_WARN_UNUSED_VARIABLE = YES;
				IPHONEOS_DEPLOYMENT_TARGET = 9.0;
				MTL_ENABLE_DEBUG_INFO = NO;
				SDKROOT = iphoneos;
				VALIDATE_PRODUCT = YES;
			};
			name = Release;
		};
		2D3A25461BCB53D90017FE4A /* Debug */ = {
			isa = XCBuildConfiguration;
			buildSettings = {
				ASSETCATALOG_COMPILER_APPICON_NAME = AppIcon;
				CODE_SIGN_IDENTITY = "iPhone Developer";
				INFOPLIST_FILE = TSDMClient/Info.plist;
				IPHONEOS_DEPLOYMENT_TARGET = 7.0;
				LD_RUNPATH_SEARCH_PATHS = "$(inherited) @executable_path/Frameworks";
				PRODUCT_BUNDLE_IDENTIFIER = com.tsdm.TSDMClient;
				PRODUCT_NAME = "$(TARGET_NAME)";
				SWIFT_OBJC_BRIDGING_HEADER = "$[PRODUCT_NAME]/$[PRODUCT_NAME]-Bridging-Header.h";
			};
			name = Debug;
		};
		2D3A25471BCB53D90017FE4A /* Release */ = {
			isa = XCBuildConfiguration;
			buildSettings = {
				ASSETCATALOG_COMPILER_APPICON_NAME = AppIcon;
				CODE_SIGN_IDENTITY = "iPhone Developer";
				INFOPLIST_FILE = TSDMClient/Info.plist;
				IPHONEOS_DEPLOYMENT_TARGET = 7.0;
				LD_RUNPATH_SEARCH_PATHS = "$(inherited) @executable_path/Frameworks";
				PRODUCT_BUNDLE_IDENTIFIER = com.tsdm.TSDMClient;
				PRODUCT_NAME = "$(TARGET_NAME)";
				SWIFT_OBJC_BRIDGING_HEADER = "$[PRODUCT_NAME]/$[PRODUCT_NAME]-Bridging-Header.h";
			};
			name = Release;
		};
		2DB6ABB71BD5DAB500BFDBCB /* Debug */ = {
			isa = XCBuildConfiguration;
			buildSettings = {
				BUNDLE_LOADER = "$(TEST_HOST)";
				INFOPLIST_FILE = TSDMClientTests/Info.plist;
				LD_RUNPATH_SEARCH_PATHS = "$(inherited) @executable_path/Frameworks @loader_path/Frameworks";
				PRODUCT_BUNDLE_IDENTIFIER = com.Kirin.TSDMClientTests;
				PRODUCT_NAME = "$(TARGET_NAME)";
				TEST_HOST = "$(BUILT_PRODUCTS_DIR)/TSDMClient.app/TSDMClient";
			};
			name = Debug;
		};
		2DB6ABB81BD5DAB500BFDBCB /* Release */ = {
			isa = XCBuildConfiguration;
			buildSettings = {
				BUNDLE_LOADER = "$(TEST_HOST)";
				INFOPLIST_FILE = TSDMClientTests/Info.plist;
				LD_RUNPATH_SEARCH_PATHS = "$(inherited) @executable_path/Frameworks @loader_path/Frameworks";
				PRODUCT_BUNDLE_IDENTIFIER = com.Kirin.TSDMClientTests;
				PRODUCT_NAME = "$(TARGET_NAME)";
				TEST_HOST = "$(BUILT_PRODUCTS_DIR)/TSDMClient.app/TSDMClient";
			};
			name = Release;
		};
		2DB6ABC61BD5DABF00BFDBCB /* Debug */ = {
			isa = XCBuildConfiguration;
			buildSettings = {
				INFOPLIST_FILE = TSDMClientUITests/Info.plist;
				LD_RUNPATH_SEARCH_PATHS = "$(inherited) @executable_path/Frameworks @loader_path/Frameworks";
				PRODUCT_BUNDLE_IDENTIFIER = com.Kirin.TSDMClientUITests;
				PRODUCT_NAME = "$(TARGET_NAME)";
				TEST_TARGET_NAME = TSDMClient;
				USES_XCTRUNNER = YES;
			};
			name = Debug;
		};
		2DB6ABC71BD5DABF00BFDBCB /* Release */ = {
			isa = XCBuildConfiguration;
			buildSettings = {
				INFOPLIST_FILE = TSDMClientUITests/Info.plist;
				LD_RUNPATH_SEARCH_PATHS = "$(inherited) @executable_path/Frameworks @loader_path/Frameworks";
				PRODUCT_BUNDLE_IDENTIFIER = com.Kirin.TSDMClientUITests;
				PRODUCT_NAME = "$(TARGET_NAME)";
				TEST_TARGET_NAME = TSDMClient;
				USES_XCTRUNNER = YES;
			};
			name = Release;
		};
/* End XCBuildConfiguration section */

/* Begin XCConfigurationList section */
		2D3A252B1BCB53D90017FE4A /* Build configuration list for PBXProject "TSDMClient" */ = {
			isa = XCConfigurationList;
			buildConfigurations = (
				2D3A25431BCB53D90017FE4A /* Debug */,
				2D3A25441BCB53D90017FE4A /* Release */,
			);
			defaultConfigurationIsVisible = 0;
			defaultConfigurationName = Release;
		};
		2D3A25451BCB53D90017FE4A /* Build configuration list for PBXNativeTarget "TSDMClient" */ = {
			isa = XCConfigurationList;
			buildConfigurations = (
				2D3A25461BCB53D90017FE4A /* Debug */,
				2D3A25471BCB53D90017FE4A /* Release */,
			);
			defaultConfigurationIsVisible = 0;
			defaultConfigurationName = Release;
		};
		2DB6ABB91BD5DAB500BFDBCB /* Build configuration list for PBXNativeTarget "TSDMClientTests" */ = {
			isa = XCConfigurationList;
			buildConfigurations = (
				2DB6ABB71BD5DAB500BFDBCB /* Debug */,
				2DB6ABB81BD5DAB500BFDBCB /* Release */,
			);
			defaultConfigurationIsVisible = 0;
			defaultConfigurationName = Release;
		};
		2DB6ABC51BD5DABF00BFDBCB /* Build configuration list for PBXNativeTarget "TSDMClientUITests" */ = {
			isa = XCConfigurationList;
			buildConfigurations = (
				2DB6ABC61BD5DABF00BFDBCB /* Debug */,
				2DB6ABC71BD5DABF00BFDBCB /* Release */,
			);
			defaultConfigurationIsVisible = 0;
			defaultConfigurationName = Release;
		};
/* End XCConfigurationList section */

/* Begin XCVersionGroup section */
		2D3A253A1BCB53D90017FE4A /* TSDMClient.xcdatamodeld */ = {
			isa = XCVersionGroup;
			children = (
				2D3A253B1BCB53D90017FE4A /* TSDMClient.xcdatamodel */,
			);
			currentVersion = 2D3A253B1BCB53D90017FE4A /* TSDMClient.xcdatamodel */;
			path = TSDMClient.xcdatamodeld;
			sourceTree = "<group>";
			versionGroupType = wrapper.xcdatamodel;
		};
/* End XCVersionGroup section */
	};
	rootObject = 2D3A25281BCB53D90017FE4A /* Project object */;
}
